
Microsoft Visual Studio Solution File, Format Version 12.00
# Visual Studio Version 17
VisualStudioVersion = 17.7.34024.191
MinimumVisualStudioVersion = 10.0.40219.1
Project("{FAE04EC0-301F-11D3-BF4B-00C04F79EFBC}") = "Assignment1", "Assignment1\Assignment1.csproj", "{6EC8EE18-FE54-45E9-8C31-0E290FB2AF2E}"
EndProject
Project("{FAE04EC0-301F-11D3-BF4B-00C04F79EFBC}") = "Assignment1.tests", "Assignment1.tests\Assignment1.tests.csproj", "{31AA06C4-5B29-490F-9678-C4854D09CE23}"
EndProject
Global
	GlobalSection(SolutionConfigurationPlatforms) = preSolution
		Debug|Any CPU = Debug|Any CPU
		Release|Any CPU = Release|Any CPU
	EndGlobalSection
	GlobalSection(ProjectConfigurationPlatforms) = postSolution
		{6EC8EE18-FE54-45E9-8C31-0E290FB2AF2E}.Debug|Any CPU.ActiveCfg = Debug|Any CPU
		{6EC8EE18-FE54-45E9-8C31-0E290FB2AF2E}.Debug|Any CPU.Build.0 = Debug|Any CPU
		{6EC8EE18-FE54-45E9-8C31-0E290FB2AF2E}.Release|Any CPU.ActiveCfg = Release|Any CPU
		{6EC8EE18-FE54-45E9-8C31-0E290FB2AF2E}.Release|Any CPU.Build.0 = Release|Any CPU
		{31AA06C4-5B29-490F-9678-C4854D09CE23}.Debug|Any CPU.ActiveCfg = Debug|Any CPU
		{31AA06C4-5B29-490F-9678-C4854D09CE23}.Debug|Any CPU.Build.0 = Debug|Any CPU
		{31AA06C4-5B29-490F-9678-C4854D09CE23}.Release|Any CPU.ActiveCfg = Release|Any CPU
		{31AA06C4-5B29-490F-9678-C4854D09CE23}.Release|Any CPU.Build.0 = Release|Any CPU
	EndGlobalSection
	GlobalSection(SolutionProperties) = preSolution
		HideSolutionNode = FALSE
	EndGlobalSection
	GlobalSection(ExtensibilityGlobals) = postSolution
		SolutionGuid = {44EB072A-08DE-4D62-A891-79595550C1CC}
	EndGlobalSection
EndGlobal
